
Microsoft Visual Studio Solution File, Format Version 12.00
# Visual Studio 15
VisualStudioVersion = 15.0.27428.2005
MinimumVisualStudioVersion = 10.0.40219.1
Project("{FAE04EC0-301F-11D3-BF4B-00C04F79EFBC}") = "Calculadora", "Calculadora\Calculadora.csproj", "{A5118158-2A13-432F-B188-23D46A9797EF}"
EndProject
Global
	GlobalSection(SolutionConfigurationPlatforms) = preSolution
		Debug|Any CPU = Debug|Any CPU
		Release|Any CPU = Release|Any CPU
	EndGlobalSection
	GlobalSection(ProjectConfigurationPlatforms) = postSolution
		{A5118158-2A13-432F-B188-23D46A9797EF}.Debug|Any CPU.ActiveCfg = Debug|Any CPU
		{A5118158-2A13-432F-B188-23D46A9797EF}.Debug|Any CPU.Build.0 = Debug|Any CPU
		{A5118158-2A13-432F-B188-23D46A9797EF}.Release|Any CPU.ActiveCfg = Release|Any CPU
		{A5118158-2A13-432F-B188-23D46A9797EF}.Release|Any CPU.Build.0 = Release|Any CPU
	EndGlobalSection
	GlobalSection(SolutionProperties) = preSolution
		HideSolutionNode = FALSE
	EndGlobalSection
	GlobalSection(ExtensibilityGlobals) = postSolution
		SolutionGuid = {F2F2E2E9-4331-4369-B205-7A2CDDA72597}
	EndGlobalSection
EndGlobal
